
Microsoft Visual Studio Solution File, Format Version 12.00
# Visual Studio 2015
Project("{FAE04EC0-301F-11D3-BF4B-00C04F79EFBC}") = "MirrorBox", "MirrorBox.csproj", "{F60A3C87-B2B0-6C07-5C2D-3D8F5799E9B8}"
EndProject
Project("{FAE04EC0-301F-11D3-BF4B-00C04F79EFBC}") = "MirrorBox.Editor", "MirrorBox.Editor.csproj", "{EC96CE5C-F198-1588-8DD4-C55175E331D5}"
EndProject
Global
	GlobalSection(SolutionConfigurationPlatforms) = preSolution
		Debug|Any CPU = Debug|Any CPU
		Release|Any CPU = Release|Any CPU
	EndGlobalSection
	GlobalSection(ProjectConfigurationPlatforms) = postSolution
		{F60A3C87-B2B0-6C07-5C2D-3D8F5799E9B8}.Debug|Any CPU.ActiveCfg = Debug|Any CPU
		{F60A3C87-B2B0-6C07-5C2D-3D8F5799E9B8}.Debug|Any CPU.Build.0 = Debug|Any CPU
		{F60A3C87-B2B0-6C07-5C2D-3D8F5799E9B8}.Release|Any CPU.ActiveCfg = Release|Any CPU
		{F60A3C87-B2B0-6C07-5C2D-3D8F5799E9B8}.Release|Any CPU.Build.0 = Release|Any CPU
		{EC96CE5C-F198-1588-8DD4-C55175E331D5}.Debug|Any CPU.ActiveCfg = Debug|Any CPU
		{EC96CE5C-F198-1588-8DD4-C55175E331D5}.Debug|Any CPU.Build.0 = Debug|Any CPU
		{EC96CE5C-F198-1588-8DD4-C55175E331D5}.Release|Any CPU.ActiveCfg = Release|Any CPU
		{EC96CE5C-F198-1588-8DD4-C55175E331D5}.Release|Any CPU.Build.0 = Release|Any CPU
	EndGlobalSection
	GlobalSection(SolutionProperties) = preSolution
		HideSolutionNode = FALSE
	EndGlobalSection
EndGlobal
